#MicroXplorer Configuration settings - do not modify
PD12.GPIO_Label=DISP_RST
SH.FMC_D0_DA0.ConfNb=1
SH.FMC_D6_DA6.ConfNb=1
VP_TIM17_VS_ClockSourceINT.Mode=Enable_Timer
SH.FMC_D9_DA9.ConfNb=1
Dma.UART8_RX.3.MemInc=DMA_MINC_ENABLE
FATFS._USE_LFN=3
NVIC.I2C1_EV_IRQn=true\:5\:0\:true\:false\:true\:false\:true\:true
Dma.UART8_RX.3.Instance=DMA1_Stream5
Dma.UART7_RX.7.Polarity=HAL_DMAMUX_REQ_GEN_RISING
RCC.PLLFRACN=0
Dma.UART8_RX.3.PeriphInc=DMA_PINC_DISABLE
RCC.RTCFreq_Value=32768
RCC.CpuClockFreq_Value=280000000
SH.FMC_D5_DA5.0=FMC_D5,16b-d1
PA2.GPIOParameters=GPIO_PuPd,GPIO_Label
SH.FMC_NWE.0=FMC_NWE,Lcd1
SH.FMC_D9_DA9.0=FMC_D9,16b-d1
Dma.MEMTOMEM.0.SyncSignalID=NONE
RCC.LPTIM1Freq_Value=140000000
Dma.UART8_RX.3.EventEnable=DISABLE
NVIC.SVCall_IRQn=true\:0\:0\:false\:false\:false\:false\:false\:false
PCC.Seq0.Step1.Oscillator=HSI Flash-ON
FREERTOS.configENABLE_FPU=1
CORTEX_M7.Enable-Cortex_Memory_Protection_Unit_Region0_Settings=MPU_REGION_ENABLE
CORTEX_M7.IsBufferable-Cortex_Memory_Protection_Unit_Region1_Settings=MPU_ACCESS_BUFFERABLE
PCC.PartNumber=STM32H7A3VITx
PA4.Mode=NSS_Signal_Hard_Output
VP_TIM3_VS_no_output2.Signal=TIM3_VS_no_output2
SPI1.Direction=SPI_DIRECTION_2LINES
SH.FMC_D11_DA11.0=FMC_D11,16b-d1
RCC.I2C4Freq_Value=140000000
I2C2.I2C_Speed_Mode=I2C_Fast
Dma.UART4_RX.4.SyncEnable=DISABLE
PB6.Signal=OCTOSPIM_P1_NCS
PC7.Signal=FMC_NE1
SPI1.CalculateBaudRate=8.0 MBits/s
PD0.Signal=FMC_D2_DA2
PD8.Signal=FMC_D13_DA13
TIM17.IPParameters=Prescaler,ClockDivision
Dma.UART5_RX.2.SyncPolarity=HAL_DMAMUX_SYNC_NO_EVENT
PCC.Seq0.Step1.Category=In DS Table
PE1.Signal=UART8_TX
Mdma.MDMA_Channel2.SDMMC1_END_DATA.0.DestBlockAddressOffset=0
ProjectManager.ProjectBuild=false
NVIC.UsageFault_IRQn=true\:0\:0\:false\:false\:false\:false\:false\:false
PA0.Locked=true
PB3.Mode=Trace_Asynchronous_SW
PCC.Seq0.Step0.Voltage_Source=Battery
RCC.RTCClockSelection=RCC_RTCCLKSOURCE_LSE
RCC.DFSDM2Freq_Value=140000000
ProjectManager.FirmwarePackage=STM32Cube FW_H7 V1.9.0
Dma.MEMTOMEM.0.Polarity=HAL_DMAMUX_REQ_GEN_RISING
ProjectManager.BackupPrevious=false
RCC.FMCFreq_Value=280000000
PC4.GPIO_Label=VCC_MAIN_EN
TIM15.Channel-PWM\ Generation2\ CH2=TIM_CHANNEL_2
PE9.Signal=FMC_D6_DA6
RCC.DFSDM2ACLkFreq_Value=140000000
RCC.LSE_Drive_Capability=RCC_LSEDRIVE_HIGH
NVIC.TIM2_IRQn=true\:5\:0\:false\:false\:true\:false\:true\:true
RCC.USART16Freq_Value=140000000
SPI1.DataSize=SPI_DATASIZE_8BIT
PE4.GPIO_Label=USB_DATA_DFP_3A
Dma.UART7_TX.1.PeriphInc=DMA_PINC_DISABLE
PC9.Mode=SD_4_bits_Wide_bus
Dma.MEMTOMEM.0.SyncEnable=DISABLE
Dma.SPI1_RX.5.Priority=DMA_PRIORITY_LOW
PA8.Signal=UART7_RX
SH.FMC_D1_DA1.0=FMC_D1,16b-d1
Dma.UART8_RX.3.FIFOMode=DMA_FIFOMODE_DISABLE
Dma.UART8_RX.3.SignalID=NONE
USB_OTG_HS.IPParameters=VirtualMode,dma_enable,VirtualMode-Device_Only_FS
ProjectManager.HalAssertFull=true
RCC.DIVP2Freq_Value=100000000
PA0.Signal=UART4_TX
Mdma.MDMA_Channel2.SDMMC1_END_DATA.0.DstAddress=0
Mcu.Package=LQFP100
PB9.Signal=GPIO_Input
TIM2.Prescaler=200
PB1.Signal=OCTOSPIM_P1_IO0
Dma.SPI1_TX.6.SignalID=NONE
FREERTOS.configUSE_NEWLIB_REENTRANT=1
NVIC.TimeBase=TIM1_UP_IRQn
RCC.PLL3FRACN=0
PD12.Signal=GPIO_Output
Dma.UART4_RX.4.Polarity=HAL_DMAMUX_REQ_GEN_RISING
PCC.Seq0.Step1.Average_Current=263.82 \u00B5A
NVIC.TimeBaseIP=TIM1
PA10.Signal=GPIO_Output
FREERTOS.FootprintOK=true
PC11.Mode=SD_4_bits_Wide_bus
Dma.UART4_RX.4.Mode=DMA_CIRCULAR
PCC.Seq0.Step1.SubMode2=NA
PCC.Seq0.Step1.SubMode1=DSTOP
FREERTOS.configGENERATE_RUN_TIME_STATS=1
RCC.LPUART1Freq_Value=140000000
Mdma.MDMA_Channel2.SDMMC1_END_DATA.0.RequestParameters=Instance,CircularMode,TransferTriggerMode,Priority,Endianness,SourceInc,DestinationInc,SourceDataSize,DestDataSize,DataAlignment,BufferTransferLength,SourceBurst,DestBurst,SourceBlockAddressOffset,DestBlockAddressOffset,MaskAddress,MaskData,SrcAddress,DstAddress,BlockDataLength,BlockCount,Rank
PB13.Mode=Asynchronous
Dma.UART7_RX.7.RequestParameters=Instance,Direction,PeriphInc,MemInc,PeriphDataAlignment,MemDataAlignment,Mode,Priority,FIFOMode,SignalID,Polarity,RequestNumber,SyncSignalID,SyncPolarity,SyncEnable,EventEnable,SyncRequestNumber
Dma.UART7_RX.7.RequestNumber=1
Dma.UART7_RX.7.Mode=DMA_CIRCULAR
NVIC.DMA1_Stream6_IRQn=true\:5\:0\:false\:false\:true\:true\:false\:true
PCC.Seq0.Step1.SubMode3=SRDSTOP
NVIC.TIM15_IRQn=true\:5\:0\:false\:false\:true\:true\:true\:true
PD15.Signal=FMC_D1_DA1
RCC.VCO3OutputFreq_Value=192000000
SH.FMC_D3_DA3.ConfNb=1
PA5.Mode=Full_Duplex_Master
PA6.GPIOParameters=GPIO_Speed
RCC.VDD_VALUE=3
PD6.GPIOParameters=GPIO_Label
Mcu.Pin80=VP_CRC_VS_CRC
Mcu.Pin81=VP_FATFS_VS_SDIO
ProjectManager.ProjectFileName=BB3.ioc
FREERTOS.Tasks01=System,24,1024,thread_system_start,As weak,NULL,Static,SystemBuffer,SystemControlBlock
Mcu.Pin79=PE1
Mcu.PinsNb=92
Dma.MEMTOMEM.0.Priority=DMA_PRIORITY_LOW
Mcu.Pin73=PB5
Mcu.Pin74=PB6
Mcu.Pin71=PB3
Mcu.Pin72=PB4
PC13.Locked=true
Mcu.Pin77=PB9
Mcu.Pin78=PE0
Mcu.Pin75=PB7
SH.FMC_D10_DA10.0=FMC_D10,16b-d1
PC13.Signal=GPIO_Output
Mcu.Pin76=PB8
Dma.SPI1_RX.5.MemDataAlignment=DMA_MDATAALIGN_BYTE
PD3.Signal=GPIO_Output
Mcu.Pin70=PD7
OCTOSPI1.MaxTran=10
Mcu.Pin68=PD5
Mcu.Pin69=PD6
PB14.Locked=true
Dma.UART5_RX.2.EventEnable=DISABLE
PC14-OSC32_IN.Signal=RCC_OSC32_IN
Mcu.Pin62=PC12
USB_OTG_HS.VirtualMode-Device_Only_FS=Device_Only_FS
Mcu.Pin63=PD0
Mcu.Pin60=PC10
Mcu.Pin61=PC11
Mcu.Pin66=PD3
Mcu.Pin67=PD4
Mcu.Pin64=PD1
CRC.IPParameters=InputDataInversionMode,OutputDataInversionMode
Mcu.Pin65=PD2
Dma.UART7_TX.1.RequestParameters=Instance,Direction,PeriphInc,MemInc,PeriphDataAlignment,MemDataAlignment,Mode,Priority,FIFOMode,SignalID,Polarity,RequestNumber,SyncSignalID,SyncPolarity,SyncEnable,EventEnable,SyncRequestNumber
PD10.Signal=FMC_D15_DA15
PCC.MCU=STM32H7A3V(G-I)Tx
PA15.Locked=true
RCC.Tim1OutputFreq_Value=280000000
Mcu.Pin59=PA15
RCC.CDPPRE1=RCC_APB1_DIV2
RCC.CDPPRE2=RCC_APB2_DIV2
Mcu.Pin57=PA13
Mcu.Pin58=PA14
CRC.InputDataInversionMode=CRC_INPUTDATA_INVERSION_BYTE
Mcu.Pin51=PC9
Mcu.Pin52=PA8
Mcu.Pin50=PC8
Dma.UART8_RX.3.SyncSignalID=NONE
Mcu.Pin55=PA11
Mcu.Pin56=PA12
Mcu.Pin53=PA9
Mcu.Pin54=PA10
Dma.UART5_RX.2.RequestNumber=1
PB9.Locked=true
NVIC.I2C2_ER_IRQn=true\:5\:0\:true\:false\:true\:false\:true\:true
Mcu.Pin48=PC6
Mcu.Pin49=PC7
Mcu.Pin46=PD14
Mcu.Pin47=PD15
Dma.MEMTOMEM.0.MemBurst=DMA_MBURST_SINGLE
Dma.UART7_TX.1.SyncEnable=DISABLE
PB14.Signal=GPIO_Output
PA5.Signal=SPI1_SCK
Mcu.Pin40=PD8
Mcu.Pin41=PD9
Mcu.Pin44=PD12
PC12.Mode=SD_4_bits_Wide_bus
Mcu.Pin45=PD13
Mcu.Pin42=PD10
Mcu.Pin43=PD11
Dma.SPI1_RX.5.SyncPolarity=HAL_DMAMUX_SYNC_NO_EVENT
NVIC.TIM3_IRQn=true\:6\:0\:true\:false\:true\:false\:true\:true
Dma.SPI1_RX.5.RequestNumber=1
NVIC.SPI1_IRQn=true\:5\:0\:true\:false\:true\:false\:true\:true
RCC.AHB12Freq_Value=280000000
PE14.Signal=FMC_D11_DA11
PCC.Seq0.Step0.Vcore=VOS0
Mcu.Pin37=PB13
Mdma.MDMA_Channel2.SDMMC1_END_DATA.0.DestinationInc=MDMA_DEST_INC_BYTE
Mcu.Pin38=PB14
Mcu.Pin35=PB11
PB15.GPIO_Label=FANET_RST
Mcu.Pin36=PB12
SPI1.Mode=SPI_MODE_MASTER
TIM3.Pulse-Output\ Compare2\ No\ Output=78
SH.FMC_D14_DA14.ConfNb=1
Mcu.Pin39=PB15
Mcu.Pin30=PE12
PA1.GPIO_Label=ESP_UART_RX
Mcu.Pin33=PE15
Mdma.MDMA_Channel2.SDMMC1_END_DATA.0.MaskAddress=0
Mcu.Pin34=PB10
Mcu.Pin31=PE13
Mcu.Pin32=PE14
NVIC.NonMaskableInt_IRQn=true\:0\:0\:false\:false\:true\:false\:false\:false
TIM2.Period=100
CRC.OutputDataInversionMode=CRC_OUTPUTDATA_INVERSION_ENABLE
OCTOSPI1.FifoThreshold=1
Mcu.Pin26=PE8
Mcu.Pin27=PE9
Mcu.Pin24=PB2
Mcu.Pin25=PE7
CORTEX_M7.IPParameters=MPU_Control,CPU_DCache,Enable-Cortex_Memory_Protection_Unit_Region0_Settings,BaseAddress-Cortex_Memory_Protection_Unit_Region0_Settings,Size-Cortex_Memory_Protection_Unit_Region0_Settings,AccessPermission-Cortex_Memory_Protection_Unit_Region0_Settings,IsShareable-Cortex_Memory_Protection_Unit_Region0_Settings,IsCacheable-Cortex_Memory_Protection_Unit_Region0_Settings,DisableExec-Cortex_Memory_Protection_Unit_Region0_Settings,CPU_ICache,Enable-Cortex_Memory_Protection_Unit_Region1_Settings,BaseAddress-Cortex_Memory_Protection_Unit_Region1_Settings,Size-Cortex_Memory_Protection_Unit_Region1_Settings,AccessPermission-Cortex_Memory_Protection_Unit_Region1_Settings,DisableExec-Cortex_Memory_Protection_Unit_Region1_Settings,IsShareable-Cortex_Memory_Protection_Unit_Region1_Settings,IsBufferable-Cortex_Memory_Protection_Unit_Region1_Settings
Mcu.Pin28=PE10
Mcu.Pin29=PE11
PC8.Mode=SD_4_bits_Wide_bus
TIM3.Channel-Output\ Compare3\ No\ Output=TIM_CHANNEL_3
Mcu.Pin22=PB0
Mcu.Pin23=PB1
Mcu.Pin20=PC4
Mcu.Pin21=PC5
PA10.Locked=true
NVIC.ForceEnableDMAVector=true
NVIC.MemoryManagement_IRQn=true\:5\:0\:false\:false\:true\:true\:false\:false
PE5.GPIO_Label=USB_DATA_DFP_1A
Dma.SPI1_RX.5.Polarity=HAL_DMAMUX_REQ_GEN_RISING
ProjectManager.HeapSize=0x200
PA0.GPIOParameters=GPIO_Label
Mcu.Pin15=PA3
Dma.UART7_TX.1.MemInc=DMA_MINC_ENABLE
Dma.UART5_RX.2.Mode=DMA_CIRCULAR
Dma.UART8_RX.3.SyncEnable=DISABLE
NVIC.HardFault_IRQn=true\:0\:0\:false\:false\:true\:false\:false\:false
PB1.Mode=OCTOSPI1_IOL_Port1L
Mcu.Pin16=PA4
Mcu.Pin13=PA1
UART7.IPParameters=BaudRate
Mcu.Pin14=PA2
Mcu.Pin19=PA7
Dma.UART4_RX.4.Priority=DMA_PRIORITY_LOW
Dma.SPI1_TX.6.FIFOMode=DMA_FIFOMODE_DISABLE
Mcu.Pin17=PA5
Mdma.MDMA_Channel2.SDMMC1_END_DATA.0.Rank=First
Mcu.Pin18=PA6
Dma.SPI1_TX.6.RequestParameters=Instance,Direction,PeriphInc,MemInc,PeriphDataAlignment,MemDataAlignment,Mode,Priority,FIFOMode,SignalID,Polarity,RequestNumber,SyncSignalID,SyncPolarity,SyncEnable,EventEnable,SyncRequestNumber
Mdma.MDMA_Channel2.SDMMC1_END_DATA.0.SrcAddress=0
OCTOSPI1.DelayBlockBypass=HAL_OSPI_DELAY_BLOCK_BYPASSED
NVIC.PriorityGroup=NVIC_PRIORITYGROUP_4
Mcu.Pin11=PC1
Dma.UART5_RX.2.Direction=DMA_PERIPH_TO_MEMORY
Mcu.Pin12=PA0
Mcu.Pin10=PC0
Dma.UART4_RX.4.Direction=DMA_PERIPH_TO_MEMORY
PE3.Signal=GPIO_Input
Dma.MEMTOMEM.0.Direction=DMA_MEMORY_TO_MEMORY
Mdma.MDMA_Channel2.SDMMC1_END_DATA.0.Instance=MDMA_Channel2
PD2.Signal=SDMMC1_CMD
SH.GPXTI1.ConfNb=1
Dma.SPI1_TX.6.Instance=DMA2_Stream0
Mcu.Family=STM32H7
Dma.SPI1_TX.6.RequestNumber=1
FMC.IPParameters=AddressSetupTime1,DataSetupTime1,BusTurnAroundDuration1,BankMapConfig
NVIC.OTG_HS_IRQn=true\:5\:0\:false\:false\:true\:false\:false\:true
ProjectManager.MainLocation=Core/Src
PA6.Mode=Full_Duplex_Master
TIM17.Prescaler=65535
Dma.UART5_RX.2.Instance=DMA1_Stream4
Mdma.MDMA_Channel2.SDMMC1_END_DATA.0.DestBurst=MDMA_DEST_BURST_SINGLE
Mdma.MDMA_Channel2.SDMMC1_END_DATA.0.BlockDataLength=0
ProjectManager.KeepUserCode=true
SH.FMC_D14_DA14.0=FMC_D14,16b-d1
PCC.Seq0.Step0.CPU_Frequency=280 MHz
PC5.Locked=true
PA0.GPIO_Label=ESP_UART_TX
Dma.UART8_RX.3.RequestParameters=Instance,Direction,PeriphInc,MemInc,PeriphDataAlignment,MemDataAlignment,Mode,Priority,FIFOMode,SignalID,Polarity,RequestNumber,SyncSignalID,SyncPolarity,SyncEnable,EventEnable,SyncRequestNumber
PA9.GPIOParameters=GPIO_Label
PA11.Mode=Device_Only_FS
PD6.Locked=true
Dma.UART7_RX.7.EventEnable=DISABLE
NVIC.TIM1_UP_IRQn=true\:0\:0\:false\:false\:true\:false\:false\:true
RCC.PLL2FRACN=0
RCC.VCO2OutputFreq_Value=200000000
PC1.Locked=true
PB15.Signal=GPIO_Output
Dma.SPI1_TX.6.Mode=DMA_NORMAL
PB5.GPIOParameters=GPIO_Label
PD13.Signal=OCTOSPIM_P1_IO3
Mcu.IP4=FATFS
Mcu.IP5=FMC
Mcu.IP2=DEBUG
I2C1.IPParameters=Timing,I2C_Speed_Mode,CustomTiming,Analog_Filter
Mcu.IP3=DMA
PA15.GPIO_Label=NG_CDP_CLM_1
Mcu.IP0=CORTEX_M7
Mcu.IP1=CRC
PE4.GPIOParameters=GPIO_Label
Dma.SPI1_RX.5.SyncRequestNumber=1
Mdma.MDMA_Channel2.SDMMC1_END_DATA.0.SourceBlockAddressOffset=0
OCTOSPI1.ClockPrescaler=1
RCC.DIVP3Freq_Value=48000000
RCC.SDMMCFreq_Value=40000000
TIM15.Prescaler=200
Dma.UART7_RX.7.SyncRequestNumber=1
NVIC.TIM17_IRQn=true\:5\:0\:false\:false\:true\:true\:true\:true
ProjectManager.PreviousToolchain=STM32CubeIDE
TIM3.Period=1000
SH.FMC_NWE.ConfNb=1
TIM2.ClockDivision=TIM_CLOCKDIVISION_DIV4
TIM3.Pulse-Output\ Compare1\ No\ Output=0
FREERTOS.IPParameters=Tasks01,configENABLE_FPU,FootprintOK,configUSE_NEWLIB_REENTRANT,INCLUDE_vTaskDelete,configCHECK_FOR_STACK_OVERFLOW,configGENERATE_RUN_TIME_STATS,configRECORD_STACK_HIGH_ADDRESS,configTIMER_TASK_STACK_DEPTH,configTIMER_TASK_PRIORITY
RCC.DIVR3Freq_Value=48000000
RCC.HSE_VALUE=8000000
NVIC.DebugMonitor_IRQn=true\:0\:0\:false\:false\:true\:false\:false\:false
Dma.SPI1_TX.6.Direction=DMA_MEMORY_TO_PERIPH
Mcu.IP10=NVIC
NVIC.SysTick_IRQn=true\:15\:0\:false\:false\:false\:true\:false\:true
Mcu.IP12=RCC
Mcu.IP11=OCTOSPI1
PA4.GPIO_Speed=GPIO_SPEED_FREQ_VERY_HIGH
USB_DEVICE.USBD_DEBUG_LEVEL-CDC_HS=3
Mcu.IP18=TIM3
Mcu.IP17=TIM2
Mcu.IP19=TIM15
RCC.DIVP1Freq_Value=280000000
Mcu.IP14=SDMMC1
FMC.BusTurnAroundDuration1=0
Mdma.MDMA_Channel2.SDMMC1_END_DATA.0.MaskData=0
Mcu.IP13=RTC
Mcu.IP16=SYS
Mcu.IP15=SPI1
PC14-OSC32_IN.Mode=LSE-External-Oscillator
PA14.Mode=Trace_Asynchronous_SW
Dma.UART5_RX.2.Priority=DMA_PRIORITY_LOW
OCTOSPI1.ChipSelectHighTime=2
TIM3.Prescaler=2800
PE3.GPIOParameters=GPIO_Label
Dma.SPI1_RX.5.EventEnable=DISABLE
PE3.Locked=true
PB7.Signal=I2C1_SDA
Mcu.IP21=UART4
Mcu.IP20=TIM17
Mcu.IP23=UART7
USB_OTG_HS.dma_enable=ENABLE
Mcu.IP22=UART5
Dma.UART7_RX.7.SignalID=NONE
Mcu.IP25=USB_DEVICE
CORTEX_M7.DisableExec-Cortex_Memory_Protection_Unit_Region0_Settings=MPU_INSTRUCTION_ACCESS_DISABLE
Mcu.IP24=UART8
FREERTOS.configTIMER_TASK_PRIORITY=25
Mcu.IP26=USB_OTG_HS
NVIC.DMA1_Stream7_IRQn=true\:5\:0\:false\:false\:true\:true\:false\:true
PH1-OSC_OUT.Mode=HSE-External-Oscillator
PCC.Seq0.Step0.Oscillator=HSE PLL
Dma.UART7_RX.7.Direction=DMA_PERIPH_TO_MEMORY
PA6.Signal=SPI1_MISO
PB12.Mode=Asynchronous
SH.FMC_D4_DA4.ConfNb=1
ProjectManager.ToolChainLocation=
PA15.Signal=GPIO_Output
USB_DEVICE.CLASS_NAME_HS=CDC
UART5.IPParameters=BaudRate
RCC.DIVR1Freq_Value=280000000
PCC.Checker=false
CORTEX_M7.Size-Cortex_Memory_Protection_Unit_Region1_Settings=MPU_REGION_SIZE_1MB
FATFS._FS_LOCK=0
PB5.GPIO_Label=BT2
Dma.Request2=UART5_RX
Dma.Request1=UART7_TX
Dma.Request4=UART4_RX
Dma.Request3=UART8_RX
Mcu.Pin91=VP_USB_DEVICE_VS_USB_DEVICE_CDC_HS
Dma.Request6=SPI1_TX
Dma.Request5=SPI1_RX
NVIC.DMA1_Stream0_IRQn=true\:5\:0\:true\:false\:true\:false\:true\:true
PC5.Signal=GPXTI5
PD3.GPIO_Label=FANET_SW
Mcu.Pin90=VP_TIM17_VS_ClockSourceINT
Dma.Request7=UART7_RX
PE7.Signal=FMC_D4_DA4
PD6.Signal=GPIO_Input
Dma.UART7_TX.1.Polarity=HAL_DMAMUX_REQ_GEN_RISING
Dma.Request0=MEMTOMEM
CORTEX_M7.IsShareable-Cortex_Memory_Protection_Unit_Region1_Settings=MPU_ACCESS_SHAREABLE
RCC.SRDPPRE=RCC_APB4_DIV2
Dma.SPI1_RX.5.SyncSignalID=NONE
Dma.UART5_RX.2.FIFOMode=DMA_FIFOMODE_DISABLE
Mcu.Pin84=VP_RTC_VS_RTC_Activate
Mcu.Pin85=VP_SYS_VS_tim1
PB15.Locked=true
PB4.Signal=UART7_TX
Mcu.Pin82=VP_FREERTOS_VS_CMSIS_V2
Mcu.Pin83=VP_OCTOSPI1_VS_quad
PA3.Signal=S_TIM2_CH4
Mcu.Pin88=VP_TIM3_VS_no_output3
Mcu.Pin89=VP_TIM3_VS_no_output4
PCC.Seq0.Step1.Memory=NA
Mcu.Pin86=VP_TIM3_VS_no_output1
Mcu.Pin87=VP_TIM3_VS_no_output2
VP_RTC_VS_RTC_Activate.Signal=RTC_VS_RTC_Activate
Dma.UART4_RX.4.PeriphDataAlignment=DMA_PDATAALIGN_BYTE
Dma.MEMTOMEM.0.MemDataAlignment=DMA_MDATAALIGN_WORD
TIM2.Channel-PWM\ Generation4\ CH4=TIM_CHANNEL_4
OCTOSPI1.ClockMode=HAL_OSPI_CLOCK_MODE_0
Dma.UART4_RX.4.RequestNumber=1
Dma.UART7_TX.1.Direction=DMA_MEMORY_TO_PERIPH
PCC.Seq0.Step0.Average_Current=86.61 mA
PCC.Vdd=3.0
NVIC.SavedSvcallIrqHandlerGenerated=true
FATFS._USE_MUTEX=1
Mdma.MDMA_Channel2.SDMMC1_END_DATA.0.BufferTransferLength=1
PC11.Signal=SDMMC1_D3
PC8.Signal=SDMMC1_D0
PC10.Mode=SD_4_bits_Wide_bus
Dma.UART4_RX.4.FIFOMode=DMA_FIFOMODE_DISABLE
ProjectManager.DefaultFWLocation=true
PD9.Signal=FMC_D14_DA14
ProjectManager.DeletePrevious=true
USB_DEVICE.IPParameters=VirtualMode-CDC_HS,VirtualModeHS,CLASS_NAME_HS,USBD_DEBUG_LEVEL-CDC_HS
I2C1.Analog_Filter=I2C_ANALOGFILTER_ENABLE
RCC.FamilyName=M
PB9.GPIOParameters=GPIO_Label
FATFS.IPParameters=_USE_MUTEX,_FS_LOCK,_USE_LFN
PA13.Signal=DEBUG_JTMS-SWDIO
FREERTOS.INCLUDE_vTaskDelete=1
CORTEX_M7.MPU_Control=MPU_PRIVILEGED_DEFAULT
OCTOSPI1.ClkChipSelectHighTime=3
FREERTOS.configRECORD_STACK_HIGH_ADDRESS=1
RCC.VCO1OutputFreq_Value=560000000
Dma.UART4_RX.4.Instance=DMA1_Stream6
SH.FMC_D13_DA13.0=FMC_D13,16b-d1
SH.FMC_A16_CLE.0=FMC_A16,A16_1
PCC.Seq0.Step0.Mode=RUN
PC5.GPIOParameters=GPIO_Label
RCC.AXIClockFreq_Value=280000000
Dma.UART4_RX.4.SyncRequestNumber=1
RCC.USBFreq_Value=48000000
Dma.MEMTOMEM.0.FIFOMode=DMA_FIFOMODE_ENABLE
TIM15.IPParameters=Prescaler,Period,ClockDivision,Channel-PWM Generation2 CH2
PA1.Signal=UART4_RX
RCC.CKPERFreq_Value=64000000
Mdma.MDMA_Channel2.SDMMC1_END_DATA.0.CircularMode=MDMA_LINEAR_LIST
PD2.Mode=SD_4_bits_Wide_bus
Dma.UART7_TX.1.EventEnable=DISABLE
OCTOSPI1.DelayHoldQuarterCycle=HAL_OSPI_DHQC_DISABLE
board=custom
Dma.SPI1_TX.6.MemDataAlignment=DMA_MDATAALIGN_BYTE
Dma.UART8_RX.3.Direction=DMA_PERIPH_TO_MEMORY
MxCube.Version=6.2.1
RCC.FDCANFreq_Value=56000000
Dma.UART7_TX.1.SignalID=NONE
RCC.ADCFreq_Value=100000000
PC1.GPIO_Label=BQ_INT
PA10.GPIOParameters=GPIO_Label
SH.FMC_D12_DA12.0=FMC_D12,16b-d1
Dma.UART7_RX.7.MemDataAlignment=DMA_MDATAALIGN_BYTE
PE5.Locked=true
SH.FMC_D11_DA11.ConfNb=1
RCC.IPParameters=ADCFreq_Value,AHB12Freq_Value,AHB4Freq_Value,APB1Freq_Value,APB2Freq_Value,APB3Freq_Value,APB4Freq_Value,AXIClockFreq_Value,CDCPREFreq_Value,CDPPRE,CDPPRE1,CDPPRE2,CECFreq_Value,CKPERFreq_Value,CortexFreq_Value,CpuClockFreq_Value,DFSDM2ACLkFreq_Value,DFSDM2Freq_Value,DFSDMACLkFreq_Value,DFSDMFreq_Value,DIVM1,DIVM2,DIVM3,DIVN1,DIVN2,DIVN3,DIVP1Freq_Value,DIVP2Freq_Value,DIVP3,DIVP3Freq_Value,DIVQ1,DIVQ1Freq_Value,DIVQ2Freq_Value,DIVQ3,DIVQ3Freq_Value,DIVR1Freq_Value,DIVR2,DIVR2Freq_Value,DIVR3,DIVR3Freq_Value,FDCANFreq_Value,FMCFreq_Value,FamilyName,HCLK3ClockFreq_Value,HCLKFreq_Value,HSE_VALUE,I2C123Freq_Value,I2C4Freq_Value,LPTIM1Freq_Value,LPTIM2Freq_Value,LPTIM345Freq_Value,LPUART1Freq_Value,LSE_Drive_Capability,LTDCFreq_Value,MCO1PinFreq_Value,MCO2PinFreq_Value,PLL2FRACN,PLL2_VCI_Range-AdvancedSettings,PLL3FRACN,PLLFRACN,PLLSourceVirtual,QSPICLockSelection,QSPIFreq_Value,RNGFreq_Value,RTCClockSelection,RTCFreq_Value,SAI1Freq_Value,SAI2AFreq_Value,SAI2BFreq_Value,SDMMC1CLockSelection,SDMMCFreq_Value,SPDIFRXFreq_Value,SPI123CLockSelection,SPI123Freq_Value,SPI45Freq_Value,SPI6Freq_Value,SRDPPRE,SWPMI1Freq_Value,SYSCLKFreq_VALUE,SYSCLKSource,SupplySource,Tim1OutputFreq_Value,Tim2OutputFreq_Value,TraceFreq_Value,USART16Freq_Value,USART234578Freq_Value,USBCLockSelection,USBFreq_Value,VCO1OutputFreq_Value,VCO2OutputFreq_Value,VCO3OutputFreq_Value,VCOInput1Freq_Value,VCOInput2Freq_Value,VCOInput3Freq_Value,VDD_VALUE
ProjectManager.AskForMigrate=true
PE0.Signal=UART8_RX
PE12.Signal=FMC_D9_DA9
NVIC.SavedPendsvIrqHandlerGenerated=true
NVIC.OCTOSPI1_IRQn=true\:5\:0\:false\:false\:true\:false\:true\:true
PB2.Locked=true
Mcu.IP8=I2C2
Mcu.IP9=MDMA
Dma.MEMTOMEM.0.PeriphDataAlignment=DMA_PDATAALIGN_WORD
Mcu.IP6=FREERTOS
Mcu.IP7=I2C1
Mdma.MDMA_Channel2.Request0=SDMMC1_END_DATA
ProjectManager.CoupleFile=true
RCC.SYSCLKFreq_VALUE=280000000
RCC.I2C123Freq_Value=140000000
Dma.MEMTOMEM.0.Mode=DMA_NORMAL
KeepUserPlacement=false
Dma.MEMTOMEM.0.MemInc=DMA_MINC_DISABLE
PB2.Mode=O1_P1_CLK
RCC.QSPICLockSelection=RCC_OSPICLKSOURCE_PLL2
NVIC.EXTI9_5_IRQn=true\:5\:0\:true\:false\:true\:false\:true\:true
PC6.GPIOParameters=GPIO_Label
NVIC.I2C2_EV_IRQn=true\:5\:0\:true\:false\:true\:false\:true\:true
Mdma.RequestSetsNb=1
Dma.SPI1_RX.5.SyncEnable=DISABLE
Dma.SPI1_RX.5.Mode=DMA_NORMAL
PCC.Seq0.Step1.Peripherals=
Dma.SPI1_RX.5.Direction=DMA_PERIPH_TO_MEMORY
CORTEX_M7.CPU_DCache=Disabled
PCC.Seq0.Step0.Vdd=2.4
SH.FMC_D8_DA8.ConfNb=1
VP_CRC_VS_CRC.Mode=CRC_Activate
PB12.Signal=UART5_RX
Dma.UART5_RX.2.PeriphDataAlignment=DMA_PDATAALIGN_BYTE
Dma.UART5_RX.2.MemDataAlignment=DMA_MDATAALIGN_BYTE
PA3.GPIO_Label=DISP_BCKL
NVIC.UART7_IRQn=true\:5\:0\:true\:false\:true\:false\:true\:true
SH.FMC_D7_DA7.0=FMC_D7,16b-d1
PCC.Series=STM32H7
PH0-OSC_IN.Signal=RCC_OSC_IN
Dma.SPI1_TX.6.MemInc=DMA_MINC_ENABLE
I2C1.I2C_Speed_Mode=I2C_Fast
SPI1.VirtualType=VM_MASTER
PB10.Mode=I2C
VP_FATFS_VS_SDIO.Mode=SDIO
RCC.PLL2_VCI_Range-AdvancedSettings=RCC_PLL2VCIRANGE_2
NVIC.DMA1_Stream2_IRQn=true\:5\:0\:false\:false\:true\:true\:false\:true
PC12.Signal=SDMMC1_CK
PB14.GPIO_Label=GNSS_RST
PD3.GPIOParameters=GPIO_Label
PC6.GPIO_Label=NG_CDP_CLM_2
VP_RTC_VS_RTC_Activate.Mode=RTC_Enabled
PA3.GPIOParameters=GPIO_Label
Dma.UART8_RX.3.SyncPolarity=HAL_DMAMUX_SYNC_NO_EVENT
VP_TIM3_VS_no_output2.Mode=Output Compare2 No Output
PB13.Signal=UART5_TX
OCTOSPI1.WrapSize=HAL_OSPI_WRAP_NOT_SUPPORTED
PD6.GPIO_Label=BT1
SH.FMC_NOE.ConfNb=1
PinOutPanel.RotationAngle=-90
PE6.GPIO_Label=LED_TORCH
RCC.MCO1PinFreq_Value=64000000
RCC.SYSCLKSource=RCC_SYSCLKSOURCE_PLLCLK
RCC.AHB4Freq_Value=280000000
RCC.SPI123CLockSelection=RCC_SPI123CLKSOURCE_CLKP
Mdma.MDMA_Channel2.SDMMC1_END_DATA.0.Priority=MDMA_PRIORITY_LOW
OCTOSPI1.ChipSelectBoundary=0
RCC.SAI2BFreq_Value=56000000
NVIC.SDMMC1_IRQn=true\:5\:0\:true\:false\:true\:false\:true\:true
Mdma.MDMA_Channel2.SDMMC1_END_DATA.0.SourceDataSize=MDMA_SRC_DATASIZE_BYTE
Dma.SPI1_TX.6.Priority=DMA_PRIORITY_LOW
VP_FATFS_VS_SDIO.Signal=FATFS_VS_SDIO
VP_USB_DEVICE_VS_USB_DEVICE_CDC_HS.Signal=USB_DEVICE_VS_USB_DEVICE_CDC_HS
Dma.SPI1_RX.5.Instance=DMA1_Stream7
PE2.Mode=OCTOSPI1_IOL_Port1L
TIM2.IPParameters=Channel-PWM Generation4 CH4,Prescaler,Period,ClockDivision
PD4.Signal=FMC_NOE
SH.FMC_D10_DA10.ConfNb=1
PCC.Seq0.Step1.TaMax=124.96
PB6.Mode=OCTOSPI1_Port1_NCS
RCC.DIVQ3Freq_Value=48000000
Dma.MEMTOMEM.0.EventEnable=DISABLE
PE5.Signal=GPIO_Output
Dma.MEMTOMEM.0.RequestNumber=1
PCC.Seq0.Step1.Vdd=3.0
PB2.Signal=OCTOSPIM_P1_CLK
Dma.UART5_RX.2.SyncRequestNumber=1
RCC.DIVM3=2
VP_OCTOSPI1_VS_quad.Mode=quad_mode
RCC.DIVM2=1
RCC.DIVM1=1
TIM15.Period=100
MxDb.Version=DB.6.0.21
PA1.GPIOParameters=GPIO_Label
Dma.SPI1_RX.5.SignalID=NONE
FMC.DataSetupTime1=12
OCTOSPI1.SampleShifting=HAL_OSPI_SAMPLE_SHIFTING_NONE
Dma.MEMTOMEM.0.Instance=DMA1_Stream0
SH.FMC_D15_DA15.ConfNb=1
PA0.Mode=Asynchronous
Dma.UART8_RX.3.Priority=DMA_PRIORITY_LOW
PE2.Signal=OCTOSPIM_P1_IO2
SPI1.VirtualNSS=VM_NSSHARD
Dma.SPI1_RX.5.FIFOMode=DMA_FIFOMODE_DISABLE
NVIC.PendSV_IRQn=true\:15\:0\:false\:false\:false\:true\:false\:false
NVIC.I2C1_ER_IRQn=true\:5\:0\:true\:false\:true\:false\:true\:true
RCC.DIVR2Freq_Value=40000000
PE10.Signal=FMC_D7_DA7
Mdma.RequestSet0=MDMA_Channel2
CORTEX_M7.DisableExec-Cortex_Memory_Protection_Unit_Region1_Settings=MPU_INSTRUCTION_ACCESS_DISABLE
RCC.MCO2PinFreq_Value=280000000
Dma.UART4_RX.4.PeriphInc=DMA_PINC_DISABLE
Dma.MEMTOMEM.0.PeriphInc=DMA_PINC_ENABLE
RCC.DFSDMFreq_Value=140000000
PA5.GPIOParameters=GPIO_Speed
Dma.UART7_TX.1.SyncPolarity=HAL_DMAMUX_SYNC_NO_EVENT
PB14.GPIOParameters=GPIO_Label
PCC.Seq0.Step1.DMIPS=0.0
Mdma.MDMA_Channel2.SDMMC1_END_DATA.0.DataAlignment=MDMA_DATAALIGN_PACKENABLE
RCC.TraceFreq_Value=280000000
RCC.APB4Freq_Value=140000000
RCC.CECFreq_Value=32000
CORTEX_M7.Enable-Cortex_Memory_Protection_Unit_Region1_Settings=MPU_REGION_ENABLE
NVIC.BusFault_IRQn=true\:0\:0\:false\:false\:false\:false\:false\:false
VP_TIM3_VS_no_output3.Signal=TIM3_VS_no_output3
UART5.BaudRate=9600
Dma.UART8_RX.3.MemDataAlignment=DMA_MDATAALIGN_BYTE
SH.S_TIM2_CH4.ConfNb=1
PA6.GPIO_Speed=GPIO_SPEED_FREQ_VERY_HIGH
I2C1.CustomTiming=Disabled
Dma.UART7_RX.7.MemInc=DMA_MINC_ENABLE
Dma.UART8_RX.3.PeriphDataAlignment=DMA_PDATAALIGN_BYTE
SH.FMC_D3_DA3.0=FMC_D3,16b-d1
ProjectManager.CustomerFirmwarePackage=
PC4.GPIOParameters=GPIO_Label
RCC.SupplySource=PWR_LDO_SUPPLY
PCC.Seq0.Step0.Category=Measurements
Dma.UART8_RX.3.Polarity=HAL_DMAMUX_REQ_GEN_RISING
RCC.DIVQ3=4
RCC.DIVQ1=10
TIM3.Channel-Output\ Compare1\ No\ Output=TIM_CHANNEL_1
PA15.GPIOParameters=GPIO_Label
VP_TIM3_VS_no_output3.Mode=Output Compare3 No Output
Dma.UART7_TX.1.Mode=DMA_NORMAL
Dma.MEMTOMEM.0.SyncRequestNumber=1
PA9.GPIO_Label=USB_VBUS
RCC.SWPMI1Freq_Value=140000000
FREERTOS.configCHECK_FOR_STACK_OVERFLOW=2
CORTEX_M7.IsCacheable-Cortex_Memory_Protection_Unit_Region0_Settings=MPU_ACCESS_NOT_CACHEABLE
PE1.Mode=Asynchronous
RCC.DIVP3=4
PC6.Signal=GPIO_Output
PD7.Signal=GPIO_Input
PD1.Signal=FMC_D3_DA3
PCC.Line=STM32H7A3/7B3
PC0.Signal=GPIO_Output
SH.FMC_NOE.0=FMC_NOE,Lcd1
RCC.QSPIFreq_Value=40000000
SH.FMC_A16_CLE.ConfNb=1
VP_TIM17_VS_ClockSourceINT.Signal=TIM17_VS_ClockSourceINT
Dma.UART5_RX.2.MemInc=DMA_MINC_ENABLE
Dma.UART4_RX.4.SignalID=NONE
Dma.UART4_RX.4.MemInc=DMA_MINC_ENABLE
Dma.UART7_RX.7.PeriphInc=DMA_PINC_DISABLE
FMC.AddressSetupTime1=6
RCC.USART234578Freq_Value=140000000
RCC.SPI123Freq_Value=64000000
PB11.Mode=I2C
VP_TIM3_VS_no_output1.Signal=TIM3_VS_no_output1
SH.FMC_D15_DA15.0=FMC_D15,16b-d1
VP_CRC_VS_CRC.Signal=CRC_VS_CRC
TIM3.Pulse-Output\ Compare4\ No\ Output=600
PC6.Locked=true
PA9.Signal=GPIO_Input
RCC.DIVN3=48
RCC.DIVN2=25
I2C1.Timing=0x00D04BFF
RCC.DIVN1=70
PB5.Locked=true
CORTEX_M7.BaseAddress-Cortex_Memory_Protection_Unit_Region0_Settings=0x90000000
Dma.SPI1_TX.6.PeriphInc=DMA_PINC_DISABLE
PD7.Locked=true
PB10.Signal=I2C2_SCL
RCC.USBCLockSelection=RCC_USBCLKSOURCE_HSI48
VP_TIM3_VS_no_output1.Mode=Output Compare1 No Output
ProjectManager.LastFirmware=true
SH.S_TIM15_CH2.ConfNb=1
PA7.GPIO_Speed=GPIO_SPEED_FREQ_VERY_HIGH
PA1.Mode=Asynchronous
Dma.UART7_TX.1.FIFOMode=DMA_FIFOMODE_DISABLE
PE15.Signal=FMC_D12_DA12
PE8.Signal=FMC_D5_DA5
VP_SYS_VS_tim1.Signal=SYS_VS_tim1
PCC.Seq0.Step0.SubMode3=SRDRUN
PCC.Seq0.Step0.SubMode2=NA
Dma.UART5_RX.2.RequestParameters=Instance,Direction,PeriphInc,MemInc,PeriphDataAlignment,MemDataAlignment,Mode,Priority,FIFOMode,SignalID,Polarity,RequestNumber,SyncSignalID,SyncPolarity,SyncEnable,EventEnable,SyncRequestNumber
RCC.RNGFreq_Value=48000000
PCC.Seq0.Step0.SubMode1=DRUN
Dma.SPI1_TX.6.SyncSignalID=NONE
CORTEX_M7.AccessPermission-Cortex_Memory_Protection_Unit_Region0_Settings=MPU_REGION_FULL_ACCESS
TIM3.IPParameters=Channel-Output Compare2 No Output,Channel-Output Compare1 No Output,Channel-Output Compare3 No Output,ClockDivision,Prescaler,Period,Pulse-Output Compare1 No Output,Pulse-Output Compare2 No Output,Pulse-Output Compare3 No Output,Channel-Output Compare4 No Output,Pulse-Output Compare4 No Output
PA9.Locked=true
Mdma.MDMA_Channel2.SDMMC1_END_DATA.0.BlockCount=0
RCC.CDPPRE=RCC_APB3_DIV2
PA13.Mode=Trace_Asynchronous_SW
ProjectManager.FreePins=false
RCC.LPTIM2Freq_Value=140000000
TIM3.Pulse-Output\ Compare3\ No\ Output=200
ProjectManager.UnderRoot=true
SH.FMC_D7_DA7.ConfNb=1
PA4.Signal=SPI1_NSS
OCTOSPI1.MemoryType=HAL_OSPI_MEMTYPE_MICRON
PB5.Signal=GPIO_Input
PD11.Signal=FMC_A16_CLE
Dma.UART4_RX.4.MemDataAlignment=DMA_MDATAALIGN_BYTE
ProjectManager.CompilerOptimize=6
TIM3.Channel-Output\ Compare2\ No\ Output=TIM_CHANNEL_2
PA11.Signal=USB_OTG_HS_DM
Dma.UART4_RX.4.RequestParameters=Instance,Direction,PeriphInc,MemInc,PeriphDataAlignment,MemDataAlignment,Mode,Priority,FIFOMode,SignalID,Polarity,RequestNumber,SyncSignalID,SyncPolarity,SyncEnable,EventEnable,SyncRequestNumber
RCC.LPTIM345Freq_Value=140000000
UART7.BaudRate=921600
ProjectManager.ComputerToolchain=false
RCC.LTDCFreq_Value=48000000
PB8.Mode=I2C
PA8.Mode=Asynchronous
PCC.Seq0.Step1.Vcore=SVOS5
PCC.Seq0.Step1.Voltage_Source=Battery
SH.FMC_D12_DA12.ConfNb=1
RCC.HCLK3ClockFreq_Value=280000000
PCC.Seq0=2
RCC.DIVR3=4
RCC.DIVR2=5
PB0.Signal=OCTOSPIM_P1_IO1
RCC.SAI2AFreq_Value=56000000
PA7.GPIOParameters=GPIO_Speed
PC0.Locked=true
PC1.Signal=GPXTI1
PD7.GPIOParameters=GPIO_Label
Dma.MEMTOMEM.0.SignalID=NONE
RCC.DIVQ2Freq_Value=100000000
SH.GPXTI1.0=GPIO_EXTI1
PA2.GPIO_PuPd=GPIO_NOPULL
I2C2.IPParameters=Timing,I2C_Speed_Mode
RCC.CDCPREFreq_Value=280000000
RCC.SAI1Freq_Value=56000000
VP_USB_DEVICE_VS_USB_DEVICE_CDC_HS.Mode=CDC_HS
RCC.CortexFreq_Value=280000000
Dma.SPI1_TX.6.SyncPolarity=HAL_DMAMUX_SYNC_NO_EVENT
Mcu.UserName=STM32H7A3VITx
OCTOSPI1.DeviceSize=24
Dma.UART7_TX.1.SyncRequestNumber=1
PCC.Seq0.Step0.User's_Consumption=0 mA
Dma.SPI1_RX.5.PeriphDataAlignment=DMA_PDATAALIGN_BYTE
PC10.Signal=SDMMC1_D2
I2C2.Timing=0x00D04BFF
TIM15.ClockDivision=TIM_CLOCKDIVISION_DIV4
ProjectManager.functionlistsort=1-MX_GPIO_Init-GPIO-false-HAL-true,2-MX_DMA_Init-DMA-false-HAL-true,3-MX_MDMA_Init-MDMA-false-HAL-true,4-MX_UART7_Init-UART7-false-HAL-true,5-SystemClock_Config-RCC-false-HAL-false,6-MX_FMC_Init-FMC-false-HAL-true,7-MX_I2C1_Init-I2C1-false-HAL-true,8-MX_I2C2_Init-I2C2-false-HAL-true,9-MX_OCTOSPI1_Init-OCTOSPI1-false-HAL-true,10-MX_SDMMC1_SD_Init-SDMMC1-false-HAL-true,11-MX_SPI1_Init-SPI1-false-HAL-true,12-MX_TIM2_Init-TIM2-false-HAL-true,13-MX_UART4_Init-UART4-false-HAL-true,14-MX_UART5_Init-UART5-false-HAL-true,15-MX_FATFS_Init-FATFS-false-HAL-false,16-MX_USB_DEVICE_Init-USB_DEVICE-false-HAL-false,17-MX_UART8_Init-UART8-false-HAL-true,18-MX_TIM3_Init-TIM3-false-HAL-true,19-MX_RTC_Init-RTC-true-HAL-false,20-MX_CRC_Init-CRC-false-HAL-true,21-MX_TIM17_Init-TIM17-false-HAL-true,22-MX_TIM15_Init-TIM15-false-HAL-true,0-MX_CORTEX_M7_Init-CORTEX_M7-false-HAL-true
PC0.GPIOParameters=GPIO_Label
SH.FMC_D6_DA6.0=FMC_D6,16b-d1
PC0.GPIO_Label=BQ_OTG
PCC.Seq0.Step1.Duration=0.9 ms
PC13.GPIO_Label=ALT_CH_EN
PB11.Signal=I2C2_SDA
NVIC.DMA1_Stream4_IRQn=true\:5\:0\:false\:false\:true\:true\:false\:true
Dma.UART7_TX.1.Instance=DMA1_Stream1
PE5.GPIOParameters=GPIO_Label
ProjectManager.StackSize=0x400
VP_FREERTOS_VS_CMSIS_V2.Mode=CMSIS_V2
SH.S_TIM15_CH2.0=TIM15_CH2,PWM Generation2 CH2
RCC.VCOInput3Freq_Value=4000000
Mdma.MDMA_Channel2.RequestsNb=1
PA12.Signal=USB_OTG_HS_DP
Mcu.UserConstants=disp_timer,(&htim2);esp_uart,(&huart4);debug_uart,(&huart7);fanet_uart,(&huart8);gnss_uart,(&huart5);tft_dma,(&hdma_memtomem_dma1_stream0);led_timer,(&htim15);led_bclk,TIM_CHANNEL_4;led_torch,TIM_CHANNEL_2;mems_i2c,(&hi2c1);sys_i2c,(&hi2c2);meas_timer,(&htim3);esp_spi,(&hspi1);rtos_timer,(&htim17)
PC1.GPIOParameters=GPIO_Label
Mcu.ThirdPartyNb=0
FMC.BankMapConfig=FMC_SWAPBMAP_SDRAM_SRAM
RCC.HCLKFreq_Value=280000000
Mcu.IPNb=27
Dma.UART7_TX.1.PeriphDataAlignment=DMA_PDATAALIGN_BYTE
Dma.UART5_RX.2.SignalID=NONE
Dma.UART7_TX.1.SyncSignalID=NONE
RCC.SPDIFRXFreq_Value=56000000
Mcu.Pin6=PC14-OSC32_IN
Mcu.Pin7=PC15-OSC32_OUT
NVIC.DMA2_Stream0_IRQn=true\:5\:0\:false\:false\:true\:true\:false\:true
Mcu.Pin8=PH0-OSC_IN
Mcu.Pin9=PH1-OSC_OUT
USB_DEVICE.VirtualMode-CDC_HS=Cdc
Dma.UART4_RX.4.SyncSignalID=NONE
PH0-OSC_IN.Mode=HSE-External-Oscillator
Mcu.Pin0=PE2
Mcu.Pin1=PE3
GPIO.groupedBy=Group By Peripherals
Mcu.Pin2=PE4
Mcu.Pin3=PE5
Dma.UART7_RX.7.PeriphDataAlignment=DMA_PDATAALIGN_BYTE
TIM3.ClockDivision=TIM_CLOCKDIVISION_DIV4
Mcu.Pin4=PE6
Mcu.Pin5=PC13
VP_TIM3_VS_no_output4.Mode=Output Compare4 No Output
Dma.SPI1_TX.6.EventEnable=DISABLE
SH.FMC_D8_DA8.0=FMC_D8,16b-d1
PCC.Seq0.Step0.DMIPS=599.2
Dma.UART4_RX.4.EventEnable=DISABLE
Dma.UART8_RX.3.RequestNumber=1
Dma.UART7_RX.7.Priority=DMA_PRIORITY_LOW
SH.FMC_D2_DA2.0=FMC_D2,16b-d1
PB4.Mode=Asynchronous
PE13.Signal=FMC_D10_DA10
VP_SYS_VS_tim1.Mode=TIM1
File.Version=6
PA10.GPIO_Label=ESP_EN
TIM3.Channel-Output\ Compare4\ No\ Output=TIM_CHANNEL_4
SH.FMC_D5_DA5.ConfNb=1
SH.FMC_D2_DA2.ConfNb=1
PE4.Signal=GPIO_Output
PE6.GPIOParameters=GPIO_Label
Dma.RequestsNb=8
Dma.UART5_RX.2.PeriphInc=DMA_PINC_DISABLE
ProjectManager.ProjectName=BB3
PD7.GPIO_Label=BT4
RCC.APB3Freq_Value=140000000
Dma.SPI1_TX.6.SyncRequestNumber=1
Dma.SPI1_TX.6.Polarity=HAL_DMAMUX_REQ_GEN_RISING
SH.FMC_D0_DA0.0=FMC_D0,16b-d1
RCC.SDMMC1CLockSelection=RCC_SDMMCCLKSOURCE_PLL2
CORTEX_M7.BaseAddress-Cortex_Memory_Protection_Unit_Region1_Settings=0x24000000
PA2.GPIO_Label=ESP_BOOT
Dma.SPI1_RX.5.PeriphInc=DMA_PINC_DISABLE
SH.GPXTI5.ConfNb=1
Dma.MEMTOMEM.0.FIFOThreshold=DMA_FIFO_THRESHOLD_FULL
SH.FMC_D4_DA4.0=FMC_D4,16b-d1
Dma.SPI1_TX.6.SyncEnable=DISABLE
PCC.Seq0.Step0.Duration=0.1 ms
USB_DEVICE.VirtualModeHS=Cdc_HS
Dma.UART5_RX.2.SyncEnable=DISABLE
PC4.Locked=true
PCC.Seq0.Step0.Peripherals=DMA1 DMA2 DMA2D FMC I2C1 I2C2 JPEG OCTOSPI1 SDMMC1 SPI1 TIM2 TIM3 UART4 UART5 USB_OTG_HS GPIOA GPIOB GPIOC GPIOD GPIOE GPIOH
Mdma.MDMA_Channel2.SDMMC1_END_DATA.0.Endianness=MDMA_LITTLE_ENDIANNESS_PRESERVE
SPI1.BaudRatePrescaler=SPI_BAUDRATEPRESCALER_8
PCC.Seq0.Step1.Mode=STOP
VP_OCTOSPI1_VS_quad.Signal=OCTOSPI1_VS_quad
RCC.Tim2OutputFreq_Value=280000000
RCC.DFSDMACLkFreq_Value=56000000
PCC.Seq0.Step1.CPU_Frequency=64 MHz
PA2.Locked=true
RCC.PLLSourceVirtual=RCC_PLLSOURCE_HSE
PC15-OSC32_OUT.Mode=LSE-External-Oscillator
SH.GPXTI5.0=GPIO_EXTI5
Dma.UART7_RX.7.SyncPolarity=HAL_DMAMUX_SYNC_NO_EVENT
CORTEX_M7.CPU_ICache=Disabled
Dma.UART7_TX.1.MemDataAlignment=DMA_MDATAALIGN_BYTE
Dma.UART7_TX.1.RequestNumber=1
PA7.Mode=Full_Duplex_Master
PB9.GPIO_Label=BT5
Dma.UART5_RX.2.Polarity=HAL_DMAMUX_REQ_GEN_RISING
ProjectManager.NoMain=false
SPI1.IPParameters=VirtualType,Mode,Direction,CalculateBaudRate,VirtualNSS,BaudRatePrescaler,DataSize
PC4.Signal=GPIO_Output
Dma.UART7_RX.7.Instance=DMA1_Stream2
PD5.Signal=FMC_NWE
NVIC.DMA1_Stream1_IRQn=true\:5\:0\:false\:false\:true\:true\:false\:true
PD12.Locked=true
RCC.SPI6Freq_Value=140000000
Mdma.MDMA_Channel2.SDMMC1_END_DATA.0.DestDataSize=MDMA_DEST_DATASIZE_BYTE
PCC.Seq0.Step0.TaMax=115.65
Dma.UART8_RX.3.SyncRequestNumber=1
RCC.SPI45Freq_Value=140000000
PD12.GPIOParameters=GPIO_Label
ProjectManager.TargetToolchain=STM32CubeIDE
Dma.UART8_RX.3.Mode=DMA_CIRCULAR
NVIC.DMA1_Stream5_IRQn=true\:5\:0\:false\:false\:true\:true\:false\:true
FREERTOS.configTIMER_TASK_STACK_DEPTH=512
PCC.Seq0.Step1.User's_Consumption=0 mA
SH.FMC_D1_DA1.ConfNb=1
PD13.Mode=OCTOSPI1_IOL_Port1L
PE4.Locked=true
ProjectManager.RegisterCallBack=
PE11.Signal=FMC_D8_DA8
PC15-OSC32_OUT.Signal=RCC_OSC32_OUT
PD3.Locked=true
PB0.Mode=OCTOSPI1_IOL_Port1L
PCC.Temperature=25
Dma.UART7_TX.1.Priority=DMA_PRIORITY_MEDIUM
Dma.UART4_RX.4.SyncPolarity=HAL_DMAMUX_SYNC_NO_EVENT
Mdma.MDMA_Channel2.SDMMC1_END_DATA.0.SourceBurst=MDMA_SOURCE_BURST_SINGLE
RCC.VCOInput1Freq_Value=8000000
NVIC.SavedSystickIrqHandlerGenerated=true
RCC.APB2Freq_Value=140000000
PCC.Seq0.Step0.Frequency=16 MHz
SH.FMC_D13_DA13.ConfNb=1
Dma.SPI1_RX.5.RequestParameters=Instance,Direction,PeriphInc,MemInc,PeriphDataAlignment,MemDataAlignment,Mode,Priority,FIFOMode,SignalID,Polarity,RequestNumber,SyncSignalID,SyncPolarity,SyncEnable,EventEnable,SyncRequestNumber
PC13.GPIOParameters=GPIO_Label
Dma.MEMTOMEM.0.SyncPolarity=HAL_DMAMUX_SYNC_NO_EVENT
CORTEX_M7.IsShareable-Cortex_Memory_Protection_Unit_Region0_Settings=MPU_ACCESS_SHAREABLE
PH1-OSC_OUT.Signal=RCC_OSC_OUT
PA4.GPIOParameters=GPIO_Speed
VP_TIM3_VS_no_output4.Signal=TIM3_VS_no_output4
PE6.Signal=S_TIM15_CH2
PB15.GPIOParameters=GPIO_Label
Mcu.Name=STM32H7A3V(G-I)Tx
CORTEX_M7.Size-Cortex_Memory_Protection_Unit_Region0_Settings=MPU_REGION_SIZE_16MB
PA2.Signal=GPIO_Input
CORTEX_M7.AccessPermission-Cortex_Memory_Protection_Unit_Region1_Settings=MPU_REGION_FULL_ACCESS
Dma.UART7_RX.7.SyncEnable=DISABLE
VP_FREERTOS_VS_CMSIS_V2.Signal=FREERTOS_VS_CMSIS_V2
PD14.Signal=FMC_D0_DA0
PCC.Seq0.Step0.Memory=ITCM/DTCM/Cache
PB3.Signal=DEBUG_JTDO-SWO
Dma.UART7_RX.7.FIFOMode=DMA_FIFOMODE_DISABLE
PA12.Mode=Device_Only_FS
Dma.MEMTOMEM.0.PeriphBurst=DMA_PBURST_SINGLE
Dma.UART5_RX.2.SyncSignalID=NONE
USB_OTG_HS.VirtualMode=Device_Only_FS
PC5.GPIO_Label=DISP_TE
Dma.SPI1_RX.5.MemInc=DMA_MINC_ENABLE
Dma.UART7_RX.7.SyncSignalID=NONE
Mdma.MDMA_Channel2.SDMMC1_END_DATA.0.SourceInc=MDMA_SRC_INC_BYTE
PB7.Mode=I2C
PA14.Signal=DEBUG_JTCK-SWCLK
SH.S_TIM2_CH4.0=TIM2_CH4,PWM Generation4 CH4
OCTOSPI1.IPParameters=MemoryType,FifoThreshold,WrapSize,DeviceSize,ClockMode,DelayBlockBypass,SampleShifting,DelayHoldQuarterCycle,ChipSelectBoundary,ClkChipSelectHighTime,ChipSelectHighTime,MaxTran,ClockPrescaler
PCC.Seq0.Step1.Frequency=64 MHz
PA5.GPIO_Speed=GPIO_SPEED_FREQ_VERY_HIGH
Mdma.MDMA_Channel2.SDMMC1_END_DATA.0.TransferTriggerMode=MDMA_BUFFER_TRANSFER
RCC.DIVQ1Freq_Value=56000000
PB8.Signal=I2C1_SCL
PE3.GPIO_Label=BT3
Dma.MEMTOMEM.0.RequestParameters=Instance,Direction,PeriphInc,MemInc,PeriphDataAlignment,MemDataAlignment,Mode,Priority,FIFOMode,FIFOThreshold,MemBurst,PeriphBurst,SignalID,Polarity,RequestNumber,SyncSignalID,SyncPolarity,SyncEnable,EventEnable,SyncRequestNumber
PC9.Signal=SDMMC1_D1
TIM17.ClockDivision=TIM_CLOCKDIVISION_DIV4
PC7.Mode=NorPsramChipSelect1_1
RCC.VCOInput2Freq_Value=8000000
RCC.APB1Freq_Value=140000000
ProjectManager.DeviceId=STM32H7A3VITx
Dma.SPI1_TX.6.PeriphDataAlignment=DMA_PDATAALIGN_BYTE
PE0.Mode=Asynchronous
ProjectManager.LibraryCopy=1
PA7.Signal=SPI1_MOSI
isbadioc=false
