{
  "name": "lv_i18n",
  "version": "0.0.0",
  "lockfileVersion": 2,
  "requires": true,
  "packages": {
    "": {
      "version": "0.0.0",
      "dependencies": {
        "cldr-core": "^42.0.0",
        "lv_i18n": "^0.2.1"
      }
    },
    "node_modules/cldr-core": {
      "version": "42.0.0",
      "resolved": "https://registry.npmjs.org/cldr-core/-/cldr-core-42.0.0.tgz",
      "integrity": "sha512-9Sqy6zdOkt3c3A56hpSM9lvMyUM8h78iJ4JzX1u+kQvUz/Vbvqnm8ySxgWfe8lpx1Hrl30dg8NWdTlcKCpLIbg=="
    },
    "node_modules/lv_i18n": {
      "version": "0.2.1",
      "resolved": "https://registry.npmjs.org/lv_i18n/-/lv_i18n-0.2.1.tgz",
      "integrity": "sha512-xQuft8aIFPX2JDWGOEgfFLinEcNGeN1Xvj2HvbvDZNTmGwXpnGQRXC6ZfhuXUzCfcSyIIDNjhiPHn/9CxeaITA==",
      "bundleDependencies": [
        "argparse",
        "debug",
        "es6-error",
        "glob",
        "js-yaml",
        "lodash",
        "make-plural",
        "shelljs"
      ],
      "dependencies": {
        "argparse": "^2.0.1",
        "debug": "^4.1.1",
        "es6-error": "^4.1.1",
        "glob": "^7.1.6",
        "js-yaml": "^3.14.0",
        "lodash": "^4.17.20",
        "make-plural": "^4.3.0",
        "shelljs": "^0.8.4"
      },
      "bin": {
        "lv_i18n": "lv_i18n.js"
      }
    },
    "node_modules/lv_i18n/node_modules/argparse": {
      "version": "2.0.1",
      "inBundle": true,
      "license": "Python-2.0"
    },
    "node_modules/lv_i18n/node_modules/balanced-match": {
      "version": "1.0.0",
      "inBundle": true,
      "license": "MIT"
    },
    "node_modules/lv_i18n/node_modules/brace-expansion": {
      "version": "1.1.11",
      "inBundle": true,
      "license": "MIT",
      "dependencies": {
        "balanced-match": "^1.0.0",
        "concat-map": "0.0.1"
      }
    },
    "node_modules/lv_i18n/node_modules/concat-map": {
      "version": "0.0.1",
      "inBundle": true,
      "license": "MIT"
    },
    "node_modules/lv_i18n/node_modules/debug": {
      "version": "4.1.1",
      "inBundle": true,
      "license": "MIT",
      "dependencies": {
        "ms": "^2.1.1"
      }
    },
    "node_modules/lv_i18n/node_modules/es6-error": {
      "version": "4.1.1",
      "inBundle": true,
      "license": "MIT"
    },
    "node_modules/lv_i18n/node_modules/esprima": {
      "version": "4.0.1",
      "inBundle": true,
      "license": "BSD-2-Clause",
      "bin": {
        "esparse": "bin/esparse.js",
        "esvalidate": "bin/esvalidate.js"
      },
      "engines": {
        "node": ">=4"
      }
    },
    "node_modules/lv_i18n/node_modules/fs.realpath": {
      "version": "1.0.0",
      "inBundle": true,
      "license": "ISC"
    },
    "node_modules/lv_i18n/node_modules/glob": {
      "version": "7.1.6",
      "inBundle": true,
      "license": "ISC",
      "dependencies": {
        "fs.realpath": "^1.0.0",
        "inflight": "^1.0.4",
        "inherits": "2",
        "minimatch": "^3.0.4",
        "once": "^1.3.0",
        "path-is-absolute": "^1.0.0"
      },
      "engines": {
        "node": "*"
      },
      "funding": {
        "url": "https://github.com/sponsors/isaacs"
      }
    },
    "node_modules/lv_i18n/node_modules/inflight": {
      "version": "1.0.6",
      "inBundle": true,
      "license": "ISC",
      "dependencies": {
        "once": "^1.3.0",
        "wrappy": "1"
      }
    },
    "node_modules/lv_i18n/node_modules/inherits": {
      "version": "2.0.4",
      "inBundle": true,
      "license": "ISC"
    },
    "node_modules/lv_i18n/node_modules/interpret": {
      "version": "1.4.0",
      "inBundle": true,
      "license": "MIT",
      "engines": {
        "node": ">= 0.10"
      }
    },
    "node_modules/lv_i18n/node_modules/js-yaml": {
      "version": "3.14.0",
      "inBundle": true,
      "license": "MIT",
      "dependencies": {
        "argparse": "^1.0.7",
        "esprima": "^4.0.0"
      },
      "bin": {
        "js-yaml": "bin/js-yaml.js"
      }
    },
    "node_modules/lv_i18n/node_modules/js-yaml/node_modules/argparse": {
      "version": "1.0.10",
      "inBundle": true,
      "license": "MIT",
      "dependencies": {
        "sprintf-js": "~1.0.2"
      }
    },
    "node_modules/lv_i18n/node_modules/lodash": {
      "version": "4.17.20",
      "inBundle": true,
      "license": "MIT"
    },
    "node_modules/lv_i18n/node_modules/make-plural": {
      "version": "4.3.0",
      "inBundle": true,
      "license": "ISC",
      "bin": {
        "make-plural": "bin/make-plural"
      },
      "optionalDependencies": {
        "minimist": "^1.2.0"
      }
    },
    "node_modules/lv_i18n/node_modules/minimatch": {
      "version": "3.0.4",
      "inBundle": true,
      "license": "ISC",
      "dependencies": {
        "brace-expansion": "^1.1.7"
      },
      "engines": {
        "node": "*"
      }
    },
    "node_modules/lv_i18n/node_modules/minimist": {
      "version": "1.2.5",
      "inBundle": true,
      "license": "MIT",
      "optional": true
    },
    "node_modules/lv_i18n/node_modules/ms": {
      "version": "2.1.2",
      "inBundle": true,
      "license": "MIT"
    },
    "node_modules/lv_i18n/node_modules/once": {
      "version": "1.4.0",
      "inBundle": true,
      "license": "ISC",
      "dependencies": {
        "wrappy": "1"
      }
    },
    "node_modules/lv_i18n/node_modules/path-is-absolute": {
      "version": "1.0.1",
      "inBundle": true,
      "license": "MIT",
      "engines": {
        "node": ">=0.10.0"
      }
    },
    "node_modules/lv_i18n/node_modules/path-parse": {
      "version": "1.0.6",
      "inBundle": true,
      "license": "MIT"
    },
    "node_modules/lv_i18n/node_modules/rechoir": {
      "version": "0.6.2",
      "inBundle": true,
      "dependencies": {
        "resolve": "^1.1.6"
      },
      "engines": {
        "node": ">= 0.10"
      }
    },
    "node_modules/lv_i18n/node_modules/resolve": {
      "version": "1.17.0",
      "inBundle": true,
      "license": "MIT",
      "dependencies": {
        "path-parse": "^1.0.6"
      },
      "funding": {
        "url": "https://github.com/sponsors/ljharb"
      }
    },
    "node_modules/lv_i18n/node_modules/shelljs": {
      "version": "0.8.4",
      "inBundle": true,
      "license": "BSD-3-Clause",
      "dependencies": {
        "glob": "^7.0.0",
        "interpret": "^1.0.0",
        "rechoir": "^0.6.2"
      },
      "bin": {
        "shjs": "bin/shjs"
      },
      "engines": {
        "node": ">=4"
      }
    },
    "node_modules/lv_i18n/node_modules/sprintf-js": {
      "version": "1.0.3",
      "inBundle": true,
      "license": "BSD-3-Clause"
    },
    "node_modules/lv_i18n/node_modules/wrappy": {
      "version": "1.0.2",
      "inBundle": true,
      "license": "ISC"
    }
  },
  "dependencies": {
    "cldr-core": {
      "version": "42.0.0",
      "resolved": "https://registry.npmjs.org/cldr-core/-/cldr-core-42.0.0.tgz",
      "integrity": "sha512-9Sqy6zdOkt3c3A56hpSM9lvMyUM8h78iJ4JzX1u+kQvUz/Vbvqnm8ySxgWfe8lpx1Hrl30dg8NWdTlcKCpLIbg=="
    },
    "lv_i18n": {
      "version": "0.2.1",
      "resolved": "https://registry.npmjs.org/lv_i18n/-/lv_i18n-0.2.1.tgz",
      "integrity": "sha512-xQuft8aIFPX2JDWGOEgfFLinEcNGeN1Xvj2HvbvDZNTmGwXpnGQRXC6ZfhuXUzCfcSyIIDNjhiPHn/9CxeaITA==",
      "requires": {
        "argparse": "^2.0.1",
        "debug": "^4.1.1",
        "es6-error": "^4.1.1",
        "glob": "^7.1.6",
        "js-yaml": "^3.14.0",
        "lodash": "^4.17.20",
        "make-plural": "^4.3.0",
        "shelljs": "^0.8.4"
      },
      "dependencies": {
        "argparse": {
          "version": "2.0.1",
          "bundled": true
        },
        "balanced-match": {
          "version": "1.0.0",
          "bundled": true
        },
        "brace-expansion": {
          "version": "1.1.11",
          "bundled": true,
          "requires": {
            "balanced-match": "^1.0.0",
            "concat-map": "0.0.1"
          }
        },
        "concat-map": {
          "version": "0.0.1",
          "bundled": true
        },
        "debug": {
          "version": "4.1.1",
          "bundled": true,
          "requires": {
            "ms": "^2.1.1"
          }
        },
        "es6-error": {
          "version": "4.1.1",
          "bundled": true
        },
        "esprima": {
          "version": "4.0.1",
          "bundled": true
        },
        "fs.realpath": {
          "version": "1.0.0",
          "bundled": true
        },
        "glob": {
          "version": "7.1.6",
          "bundled": true,
          "requires": {
            "fs.realpath": "^1.0.0",
            "inflight": "^1.0.4",
            "inherits": "2",
            "minimatch": "^3.0.4",
            "once": "^1.3.0",
            "path-is-absolute": "^1.0.0"
          }
        },
        "inflight": {
          "version": "1.0.6",
          "bundled": true,
          "requires": {
            "once": "^1.3.0",
            "wrappy": "1"
          }
        },
        "inherits": {
          "version": "2.0.4",
          "bundled": true
        },
        "interpret": {
          "version": "1.4.0",
          "bundled": true
        },
        "js-yaml": {
          "version": "3.14.0",
          "bundled": true,
          "requires": {
            "argparse": "^1.0.7",
            "esprima": "^4.0.0"
          },
          "dependencies": {
            "argparse": {
              "version": "1.0.10",
              "bundled": true,
              "requires": {
                "sprintf-js": "~1.0.2"
              }
            }
          }
        },
        "lodash": {
          "version": "4.17.20",
          "bundled": true
        },
        "make-plural": {
          "version": "4.3.0",
          "bundled": true,
          "requires": {
            "minimist": "^1.2.0"
          }
        },
        "minimatch": {
          "version": "3.0.4",
          "bundled": true,
          "requires": {
            "brace-expansion": "^1.1.7"
          }
        },
        "minimist": {
          "version": "1.2.5",
          "bundled": true,
          "optional": true
        },
        "ms": {
          "version": "2.1.2",
          "bundled": true
        },
        "once": {
          "version": "1.4.0",
          "bundled": true,
          "requires": {
            "wrappy": "1"
          }
        },
        "path-is-absolute": {
          "version": "1.0.1",
          "bundled": true
        },
        "path-parse": {
          "version": "1.0.6",
          "bundled": true
        },
        "rechoir": {
          "version": "0.6.2",
          "bundled": true,
          "requires": {
            "resolve": "^1.1.6"
          }
        },
        "resolve": {
          "version": "1.17.0",
          "bundled": true,
          "requires": {
            "path-parse": "^1.0.6"
          }
        },
        "shelljs": {
          "version": "0.8.4",
          "bundled": true,
          "requires": {
            "glob": "^7.0.0",
            "interpret": "^1.0.0",
            "rechoir": "^0.6.2"
          }
        },
        "sprintf-js": {
          "version": "1.0.3",
          "bundled": true
        },
        "wrappy": {
          "version": "1.0.2",
          "bundled": true
        }
      }
    }
  }
}
